// !$*UTF8*$!
{
	archiveVersion = 1;
	classes = {
	};
	objectVersion = 56;
	objects = {

/* Begin PBXBuildFile section */
		A33AB6602925488B008356D9 /* MovieModel.swift in Sources */ = {isa = PBXBuildFile; fileRef = A33AB65F2925488B008356D9 /* MovieModel.swift */; };
		A33AB66229254931008356D9 /* MoviesViewModel.swift in Sources */ = {isa = PBXBuildFile; fileRef = A33AB66129254931008356D9 /* MoviesViewModel.swift */; };
		A33AB67E2925BE6F008356D9 /* MovieCollectionViewCell.swift in Sources */ = {isa = PBXBuildFile; fileRef = A33AB67D2925BE6F008356D9 /* MovieCollectionViewCell.swift */; };
		A33AB6802925BF35008356D9 /* MoviesViewController.swift in Sources */ = {isa = PBXBuildFile; fileRef = A33AB67F2925BF35008356D9 /* MoviesViewController.swift */; };
		A3883CD0291C0FDB00C47441 /* AppDelegate.swift in Sources */ = {isa = PBXBuildFile; fileRef = A3883CCF291C0FDB00C47441 /* AppDelegate.swift */; };
		A3883CD2291C0FDB00C47441 /* SceneDelegate.swift in Sources */ = {isa = PBXBuildFile; fileRef = A3883CD1291C0FDB00C47441 /* SceneDelegate.swift */; };
		A3883CD4291C0FDB00C47441 /* AuthViewController.swift in Sources */ = {isa = PBXBuildFile; fileRef = A3883CD3291C0FDB00C47441 /* AuthViewController.swift */; };
		A3883CD7291C0FDB00C47441 /* Main.storyboard in Resources */ = {isa = PBXBuildFile; fileRef = A3883CD5291C0FDB00C47441 /* Main.storyboard */; };
		A3883CD9291C0FDD00C47441 /* Assets.xcassets in Resources */ = {isa = PBXBuildFile; fileRef = A3883CD8291C0FDD00C47441 /* Assets.xcassets */; };
		A3883CDC291C0FDD00C47441 /* LaunchScreen.storyboard in Resources */ = {isa = PBXBuildFile; fileRef = A3883CDA291C0FDD00C47441 /* LaunchScreen.storyboard */; };
		A3883CE4291C102E00C47441 /* GoogleService-Info.plist in Resources */ = {isa = PBXBuildFile; fileRef = A3883CE3291C102E00C47441 /* GoogleService-Info.plist */; };
		A3883CE7291C10AD00C47441 /* FirebaseAuth in Frameworks */ = {isa = PBXBuildFile; productRef = A3883CE6291C10AD00C47441 /* FirebaseAuth */; };
		A3883CE9291C10AD00C47441 /* FirebaseFirestore in Frameworks */ = {isa = PBXBuildFile; productRef = A3883CE8291C10AD00C47441 /* FirebaseFirestore */; };
		A3883CEB291C10AD00C47441 /* FirebaseStorage in Frameworks */ = {isa = PBXBuildFile; productRef = A3883CEA291C10AD00C47441 /* FirebaseStorage */; };
		A3883CF2291C2A1000C47441 /* FirebaseViewModel.swift in Sources */ = {isa = PBXBuildFile; fileRef = A3883CF1291C2A1000C47441 /* FirebaseViewModel.swift */; };
		A3922DDC2926E9DD004E6B6E /* UpcomingViewController.swift in Sources */ = {isa = PBXBuildFile; fileRef = A3922DDB2926E9DD004E6B6E /* UpcomingViewController.swift */; };
		A3922DDE2926EAB4004E6B6E /* UpComingCollectionViewCell.swift in Sources */ = {isa = PBXBuildFile; fileRef = A3922DDD2926EAB4004E6B6E /* UpComingCollectionViewCell.swift */; };
		A3922DE02926F23E004E6B6E /* TpRaterViewController.swift in Sources */ = {isa = PBXBuildFile; fileRef = A3922DDF2926F23E004E6B6E /* TpRaterViewController.swift */; };
		A3922DE22926F254004E6B6E /* TpRaterssCollectionViewCell.swift in Sources */ = {isa = PBXBuildFile; fileRef = A3922DE12926F254004E6B6E /* TpRaterssCollectionViewCell.swift */; };
		A3922DE629270399004E6B6E /* MenussViewController.swift in Sources */ = {isa = PBXBuildFile; fileRef = A3922DE529270399004E6B6E /* MenussViewController.swift */; };
/* End PBXBuildFile section */

/* Begin PBXFileReference section */
		A33AB65F2925488B008356D9 /* MovieModel.swift */ = {isa = PBXFileReference; lastKnownFileType = sourcecode.swift; path = MovieModel.swift; sourceTree = "<group>"; };
		A33AB66129254931008356D9 /* MoviesViewModel.swift */ = {isa = PBXFileReference; lastKnownFileType = sourcecode.swift; path = MoviesViewModel.swift; sourceTree = "<group>"; };
		A33AB67D2925BE6F008356D9 /* MovieCollectionViewCell.swift */ = {isa = PBXFileReference; lastKnownFileType = sourcecode.swift; path = MovieCollectionViewCell.swift; sourceTree = "<group>"; };
		A33AB67F2925BF35008356D9 /* MoviesViewController.swift */ = {isa = PBXFileReference; lastKnownFileType = sourcecode.swift; path = MoviesViewController.swift; sourceTree = "<group>"; };
		A3883CCC291C0FDB00C47441 /* MoviesCoppel.app */ = {isa = PBXFileReference; explicitFileType = wrapper.application; includeInIndex = 0; path = MoviesCoppel.app; sourceTree = BUILT_PRODUCTS_DIR; };
		A3883CCF291C0FDB00C47441 /* AppDelegate.swift */ = {isa = PBXFileReference; lastKnownFileType = sourcecode.swift; path = AppDelegate.swift; sourceTree = "<group>"; };
		A3883CD1291C0FDB00C47441 /* SceneDelegate.swift */ = {isa = PBXFileReference; lastKnownFileType = sourcecode.swift; path = SceneDelegate.swift; sourceTree = "<group>"; };
		A3883CD3291C0FDB00C47441 /* AuthViewController.swift */ = {isa = PBXFileReference; lastKnownFileType = sourcecode.swift; path = AuthViewController.swift; sourceTree = "<group>"; };
		A3883CD6291C0FDB00C47441 /* Base */ = {isa = PBXFileReference; lastKnownFileType = file.storyboard; name = Base; path = Base.lproj/Main.storyboard; sourceTree = "<group>"; };
		A3883CD8291C0FDD00C47441 /* Assets.xcassets */ = {isa = PBXFileReference; lastKnownFileType = folder.assetcatalog; path = Assets.xcassets; sourceTree = "<group>"; };
		A3883CDB291C0FDD00C47441 /* Base */ = {isa = PBXFileReference; lastKnownFileType = file.storyboard; name = Base; path = Base.lproj/LaunchScreen.storyboard; sourceTree = "<group>"; };
		A3883CDD291C0FDD00C47441 /* Info.plist */ = {isa = PBXFileReference; lastKnownFileType = text.plist.xml; path = Info.plist; sourceTree = "<group>"; };
		A3883CE3291C102E00C47441 /* GoogleService-Info.plist */ = {isa = PBXFileReference; fileEncoding = 4; lastKnownFileType = text.plist.xml; path = "GoogleService-Info.plist"; sourceTree = "<group>"; };
		A3883CF1291C2A1000C47441 /* FirebaseViewModel.swift */ = {isa = PBXFileReference; lastKnownFileType = sourcecode.swift; path = FirebaseViewModel.swift; sourceTree = "<group>"; };
		A3922DDB2926E9DD004E6B6E /* UpcomingViewController.swift */ = {isa = PBXFileReference; lastKnownFileType = sourcecode.swift; path = UpcomingViewController.swift; sourceTree = "<group>"; };
		A3922DDD2926EAB4004E6B6E /* UpComingCollectionViewCell.swift */ = {isa = PBXFileReference; lastKnownFileType = sourcecode.swift; path = UpComingCollectionViewCell.swift; sourceTree = "<group>"; };
		A3922DDF2926F23E004E6B6E /* TpRaterViewController.swift */ = {isa = PBXFileReference; lastKnownFileType = sourcecode.swift; path = TpRaterViewController.swift; sourceTree = "<group>"; };
		A3922DE12926F254004E6B6E /* TpRaterssCollectionViewCell.swift */ = {isa = PBXFileReference; lastKnownFileType = sourcecode.swift; path = TpRaterssCollectionViewCell.swift; sourceTree = "<group>"; };
		A3922DE529270399004E6B6E /* MenussViewController.swift */ = {isa = PBXFileReference; lastKnownFileType = sourcecode.swift; path = MenussViewController.swift; sourceTree = "<group>"; };
/* End PBXFileReference section */

/* Begin PBXFrameworksBuildPhase section */
		A3883CC9291C0FDB00C47441 /* Frameworks */ = {
			isa = PBXFrameworksBuildPhase;
			buildActionMask = 2147483647;
			files = (
				A3883CE7291C10AD00C47441 /* FirebaseAuth in Frameworks */,
				A3883CE9291C10AD00C47441 /* FirebaseFirestore in Frameworks */,
				A3883CEB291C10AD00C47441 /* FirebaseStorage in Frameworks */,
			);
			runOnlyForDeploymentPostprocessing = 0;
		};
/* End PBXFrameworksBuildPhase section */

/* Begin PBXGroup section */
		A3883CC3291C0FDB00C47441 = {
			isa = PBXGroup;
			children = (
				A3883CCE291C0FDB00C47441 /* MoviesCoppel */,
				A3883CCD291C0FDB00C47441 /* Products */,
			);
			sourceTree = "<group>";
		};
		A3883CCD291C0FDB00C47441 /* Products */ = {
			isa = PBXGroup;
			children = (
				A3883CCC291C0FDB00C47441 /* MoviesCoppel.app */,
			);
			name = Products;
			sourceTree = "<group>";
		};
		A3883CCE291C0FDB00C47441 /* MoviesCoppel */ = {
			isa = PBXGroup;
			children = (
				A3883CEE291C117F00C47441 /* Model */,
				A3883CED291C117600C47441 /* View */,
				A3883CEC291C116D00C47441 /* ViewModel */,
				A3883CE3291C102E00C47441 /* GoogleService-Info.plist */,
				A3883CCF291C0FDB00C47441 /* AppDelegate.swift */,
				A3883CD1291C0FDB00C47441 /* SceneDelegate.swift */,
				A3883CD5291C0FDB00C47441 /* Main.storyboard */,
				A3883CD8291C0FDD00C47441 /* Assets.xcassets */,
				A3883CDA291C0FDD00C47441 /* LaunchScreen.storyboard */,
				A3883CDD291C0FDD00C47441 /* Info.plist */,
			);
			path = MoviesCoppel;
			sourceTree = "<group>";
		};
		A3883CEC291C116D00C47441 /* ViewModel */ = {
			isa = PBXGroup;
			children = (
				A3883CF1291C2A1000C47441 /* FirebaseViewModel.swift */,
				A33AB66129254931008356D9 /* MoviesViewModel.swift */,
			);
			path = ViewModel;
			sourceTree = "<group>";
		};
		A3883CED291C117600C47441 /* View */ = {
			isa = PBXGroup;
			children = (
				A3883CD3291C0FDB00C47441 /* AuthViewController.swift */,
				A33AB67D2925BE6F008356D9 /* MovieCollectionViewCell.swift */,
				A33AB67F2925BF35008356D9 /* MoviesViewController.swift */,
				A3922DDB2926E9DD004E6B6E /* UpcomingViewController.swift */,
				A3922DDD2926EAB4004E6B6E /* UpComingCollectionViewCell.swift */,
				A3922DDF2926F23E004E6B6E /* TpRaterViewController.swift */,
				A3922DE12926F254004E6B6E /* TpRaterssCollectionViewCell.swift */,
				A3922DE529270399004E6B6E /* MenussViewController.swift */,
			);
			path = View;
			sourceTree = "<group>";
		};
		A3883CEE291C117F00C47441 /* Model */ = {
			isa = PBXGroup;
			children = (
				A33AB65F2925488B008356D9 /* MovieModel.swift */,
			);
			path = Model;
			sourceTree = "<group>";
		};
/* End PBXGroup section */

/* Begin PBXNativeTarget section */
		A3883CCB291C0FDB00C47441 /* MoviesCoppel */ = {
			isa = PBXNativeTarget;
			buildConfigurationList = A3883CE0291C0FDD00C47441 /* Build configuration list for PBXNativeTarget "MoviesCoppel" */;
			buildPhases = (
				A3883CC8291C0FDB00C47441 /* Sources */,
				A3883CC9291C0FDB00C47441 /* Frameworks */,
				A3883CCA291C0FDB00C47441 /* Resources */,
			);
			buildRules = (
			);
			dependencies = (
			);
			name = MoviesCoppel;
			packageProductDependencies = (
				A3883CE6291C10AD00C47441 /* FirebaseAuth */,
				A3883CE8291C10AD00C47441 /* FirebaseFirestore */,
				A3883CEA291C10AD00C47441 /* FirebaseStorage */,
			);
			productName = MoviesCoppel;
			productReference = A3883CCC291C0FDB00C47441 /* MoviesCoppel.app */;
			productType = "com.apple.product-type.application";
		};
/* End PBXNativeTarget section */

/* Begin PBXProject section */
		A3883CC4291C0FDB00C47441 /* Project object */ = {
			isa = PBXProject;
			attributes = {
				BuildIndependentTargetsInParallel = 1;
				LastSwiftUpdateCheck = 1400;
				LastUpgradeCheck = 1400;
				TargetAttributes = {
					A3883CCB291C0FDB00C47441 = {
						CreatedOnToolsVersion = 14.0.1;
					};
				};
			};
			buildConfigurationList = A3883CC7291C0FDB00C47441 /* Build configuration list for PBXProject "MoviesCoppel" */;
			compatibilityVersion = "Xcode 14.0";
			developmentRegion = en;
			hasScannedForEncodings = 0;
			knownRegions = (
				en,
				Base,
			);
			mainGroup = A3883CC3291C0FDB00C47441;
			packageReferences = (
				A3883CE5291C10AD00C47441 /* XCRemoteSwiftPackageReference "firebase-ios-sdk" */,
			);
			productRefGroup = A3883CCD291C0FDB00C47441 /* Products */;
			projectDirPath = "";
			projectRoot = "";
			targets = (
				A3883CCB291C0FDB00C47441 /* MoviesCoppel */,
			);
		};
/* End PBXProject section */

/* Begin PBXResourcesBuildPhase section */
		A3883CCA291C0FDB00C47441 /* Resources */ = {
			isa = PBXResourcesBuildPhase;
			buildActionMask = 2147483647;
			files = (
				A3883CDC291C0FDD00C47441 /* LaunchScreen.storyboard in Resources */,
				A3883CE4291C102E00C47441 /* GoogleService-Info.plist in Resources */,
				A3883CD9291C0FDD00C47441 /* Assets.xcassets in Resources */,
				A3883CD7291C0FDB00C47441 /* Main.storyboard in Resources */,
			);
			runOnlyForDeploymentPostprocessing = 0;
		};
/* End PBXResourcesBuildPhase section */

/* Begin PBXSourcesBuildPhase section */
		A3883CC8291C0FDB00C47441 /* Sources */ = {
			isa = PBXSourcesBuildPhase;
			buildActionMask = 2147483647;
			files = (
				A3922DE02926F23E004E6B6E /* TpRaterViewController.swift in Sources */,
				A3883CD4291C0FDB00C47441 /* AuthViewController.swift in Sources */,
				A3883CD0291C0FDB00C47441 /* AppDelegate.swift in Sources */,
				A3883CD2291C0FDB00C47441 /* SceneDelegate.swift in Sources */,
				A33AB6602925488B008356D9 /* MovieModel.swift in Sources */,
				A33AB67E2925BE6F008356D9 /* MovieCollectionViewCell.swift in Sources */,
				A33AB66229254931008356D9 /* MoviesViewModel.swift in Sources */,
				A3883CF2291C2A1000C47441 /* FirebaseViewModel.swift in Sources */,
				A3922DDE2926EAB4004E6B6E /* UpComingCollectionViewCell.swift in Sources */,
				A3922DE629270399004E6B6E /* MenussViewController.swift in Sources */,
				A3922DE22926F254004E6B6E /* TpRaterssCollectionViewCell.swift in Sources */,
				A33AB6802925BF35008356D9 /* MoviesViewController.swift in Sources */,
				A3922DDC2926E9DD004E6B6E /* UpcomingViewController.swift in Sources */,
			);
			runOnlyForDeploymentPostprocessing = 0;
		};
/* End PBXSourcesBuildPhase section */

/* Begin PBXVariantGroup section */
		A3883CD5291C0FDB00C47441 /* Main.storyboard */ = {
			isa = PBXVariantGroup;
			children = (
				A3883CD6291C0FDB00C47441 /* Base */,
			);
			name = Main.storyboard;
			sourceTree = "<group>";
		};
		A3883CDA291C0FDD00C47441 /* LaunchScreen.storyboard */ = {
			isa = PBXVariantGroup;
			children = (
				A3883CDB291C0FDD00C47441 /* Base */,
			);
			name = LaunchScreen.storyboard;
			sourceTree = "<group>";
		};
/* End PBXVariantGroup section */

/* Begin XCBuildConfiguration section */
		A3883CDE291C0FDD00C47441 /* Debug */ = {
			isa = XCBuildConfiguration;
			buildSettings = {
				ALWAYS_SEARCH_USER_PATHS = NO;
				CLANG_ANALYZER_NONNULL = YES;
				CLANG_ANALYZER_NUMBER_OBJECT_CONVERSION = YES_AGGRESSIVE;
				CLANG_CXX_LANGUAGE_STANDARD = "gnu++20";
				CLANG_ENABLE_MODULES = YES;
				CLANG_ENABLE_OBJC_ARC = YES;
				CLANG_ENABLE_OBJC_WEAK = YES;
				CLANG_WARN_BLOCK_CAPTURE_AUTORELEASING = YES;
				CLANG_WARN_BOOL_CONVERSION = YES;
				CLANG_WARN_COMMA = YES;
				CLANG_WARN_CONSTANT_CONVERSION = YES;
				CLANG_WARN_DEPRECATED_OBJC_IMPLEMENTATIONS = YES;
				CLANG_WARN_DIRECT_OBJC_ISA_USAGE = YES_ERROR;
				CLANG_WARN_DOCUMENTATION_COMMENTS = YES;
				CLANG_WARN_EMPTY_BODY = YES;
				CLANG_WARN_ENUM_CONVERSION = YES;
				CLANG_WARN_INFINITE_RECURSION = YES;
				CLANG_WARN_INT_CONVERSION = YES;
				CLANG_WARN_NON_LITERAL_NULL_CONVERSION = YES;
				CLANG_WARN_OBJC_IMPLICIT_RETAIN_SELF = YES;
				CLANG_WARN_OBJC_LITERAL_CONVERSION = YES;
				CLANG_WARN_OBJC_ROOT_CLASS = YES_ERROR;
				CLANG_WARN_QUOTED_INCLUDE_IN_FRAMEWORK_HEADER = YES;
				CLANG_WARN_RANGE_LOOP_ANALYSIS = YES;
				CLANG_WARN_STRICT_PROTOTYPES = YES;
				CLANG_WARN_SUSPICIOUS_MOVE = YES;
				CLANG_WARN_UNGUARDED_AVAILABILITY = YES_AGGRESSIVE;
				CLANG_WARN_UNREACHABLE_CODE = YES;
				CLANG_WARN__DUPLICATE_METHOD_MATCH = YES;
				COPY_PHASE_STRIP = NO;
				DEBUG_INFORMATION_FORMAT = dwarf;
				ENABLE_STRICT_OBJC_MSGSEND = YES;
				ENABLE_TESTABILITY = YES;
				GCC_C_LANGUAGE_STANDARD = gnu11;
				GCC_DYNAMIC_NO_PIC = NO;
				GCC_NO_COMMON_BLOCKS = YES;
				GCC_OPTIMIZATION_LEVEL = 0;
				GCC_PREPROCESSOR_DEFINITIONS = (
					"DEBUG=1",
					"$(inherited)",
				);
				GCC_WARN_64_TO_32_BIT_CONVERSION = YES;
				GCC_WARN_ABOUT_RETURN_TYPE = YES_ERROR;
				GCC_WARN_UNDECLARED_SELECTOR = YES;
				GCC_WARN_UNINITIALIZED_AUTOS = YES_AGGRESSIVE;
				GCC_WARN_UNUSED_FUNCTION = YES;
				GCC_WARN_UNUSED_VARIABLE = YES;
				IPHONEOS_DEPLOYMENT_TARGET = 16.0;
				MTL_ENABLE_DEBUG_INFO = INCLUDE_SOURCE;
				MTL_FAST_MATH = YES;
				ONLY_ACTIVE_ARCH = YES;
				SDKROOT = iphoneos;
				SWIFT_ACTIVE_COMPILATION_CONDITIONS = DEBUG;
				SWIFT_OPTIMIZATION_LEVEL = "-Onone";
			};
			name = Debug;
		};
		A3883CDF291C0FDD00C47441 /* Release */ = {
			isa = XCBuildConfiguration;
			buildSettings = {
				ALWAYS_SEARCH_USER_PATHS = NO;
				CLANG_ANALYZER_NONNULL = YES;
				CLANG_ANALYZER_NUMBER_OBJECT_CONVERSION = YES_AGGRESSIVE;
				CLANG_CXX_LANGUAGE_STANDARD = "gnu++20";
				CLANG_ENABLE_MODULES = YES;
				CLANG_ENABLE_OBJC_ARC = YES;
				CLANG_ENABLE_OBJC_WEAK = YES;
				CLANG_WARN_BLOCK_CAPTURE_AUTORELEASING = YES;
				CLANG_WARN_BOOL_CONVERSION = YES;
				CLANG_WARN_COMMA = YES;
				CLANG_WARN_CONSTANT_CONVERSION = YES;
				CLANG_WARN_DEPRECATED_OBJC_IMPLEMENTATIONS = YES;
				CLANG_WARN_DIRECT_OBJC_ISA_USAGE = YES_ERROR;
				CLANG_WARN_DOCUMENTATION_COMMENTS = YES;
				CLANG_WARN_EMPTY_BODY = YES;
				CLANG_WARN_ENUM_CONVERSION = YES;
				CLANG_WARN_INFINITE_RECURSION = YES;
				CLANG_WARN_INT_CONVERSION = YES;
				CLANG_WARN_NON_LITERAL_NULL_CONVERSION = YES;
				CLANG_WARN_OBJC_IMPLICIT_RETAIN_SELF = YES;
				CLANG_WARN_OBJC_LITERAL_CONVERSION = YES;
				CLANG_WARN_OBJC_ROOT_CLASS = YES_ERROR;
				CLANG_WARN_QUOTED_INCLUDE_IN_FRAMEWORK_HEADER = YES;
				CLANG_WARN_RANGE_LOOP_ANALYSIS = YES;
				CLANG_WARN_STRICT_PROTOTYPES = YES;
				CLANG_WARN_SUSPICIOUS_MOVE = YES;
				CLANG_WARN_UNGUARDED_AVAILABILITY = YES_AGGRESSIVE;
				CLANG_WARN_UNREACHABLE_CODE = YES;
				CLANG_WARN__DUPLICATE_METHOD_MATCH = YES;
				COPY_PHASE_STRIP = NO;
				DEBUG_INFORMATION_FORMAT = "dwarf-with-dsym";
				ENABLE_NS_ASSERTIONS = NO;
				ENABLE_STRICT_OBJC_MSGSEND = YES;
				GCC_C_LANGUAGE_STANDARD = gnu11;
				GCC_NO_COMMON_BLOCKS = YES;
				GCC_WARN_64_TO_32_BIT_CONVERSION = YES;
				GCC_WARN_ABOUT_RETURN_TYPE = YES_ERROR;
				GCC_WARN_UNDECLARED_SELECTOR = YES;
				GCC_WARN_UNINITIALIZED_AUTOS = YES_AGGRESSIVE;
				GCC_WARN_UNUSED_FUNCTION = YES;
				GCC_WARN_UNUSED_VARIABLE = YES;
				IPHONEOS_DEPLOYMENT_TARGET = 16.0;
				MTL_ENABLE_DEBUG_INFO = NO;
				MTL_FAST_MATH = YES;
				SDKROOT = iphoneos;
				SWIFT_COMPILATION_MODE = wholemodule;
				SWIFT_OPTIMIZATION_LEVEL = "-O";
				VALIDATE_PRODUCT = YES;
			};
			name = Release;
		};
		A3883CE1291C0FDD00C47441 /* Debug */ = {
			isa = XCBuildConfiguration;
			buildSettings = {
				ASSETCATALOG_COMPILER_APPICON_NAME = AppIcon;
				ASSETCATALOG_COMPILER_GLOBAL_ACCENT_COLOR_NAME = AccentColor;
				CODE_SIGN_STYLE = Automatic;
				CURRENT_PROJECT_VERSION = 1;
				DEVELOPMENT_TEAM = D55Y8HMCBG;
				GENERATE_INFOPLIST_FILE = YES;
				INFOPLIST_FILE = MoviesCoppel/Info.plist;
				INFOPLIST_KEY_UIApplicationSupportsIndirectInputEvents = YES;
				INFOPLIST_KEY_UILaunchStoryboardName = LaunchScreen;
				INFOPLIST_KEY_UIMainStoryboardFile = Main;
				INFOPLIST_KEY_UISupportedInterfaceOrientations_iPad = "UIInterfaceOrientationPortrait UIInterfaceOrientationPortraitUpsideDown UIInterfaceOrientationLandscapeLeft UIInterfaceOrientationLandscapeRight";
				INFOPLIST_KEY_UISupportedInterfaceOrientations_iPhone = "UIInterfaceOrientationPortrait UIInterfaceOrientationLandscapeLeft UIInterfaceOrientationLandscapeRight";
				LD_RUNPATH_SEARCH_PATHS = (
					"$(inherited)",
					"@executable_path/Frameworks",
				);
				MARKETING_VERSION = 1.0;
				PRODUCT_BUNDLE_IDENTIFIER = jesusgrimaldo.MoviesCoppel;
				PRODUCT_NAME = "$(TARGET_NAME)";
				SWIFT_EMIT_LOC_STRINGS = YES;
				SWIFT_VERSION = 5.0;
				TARGETED_DEVICE_FAMILY = "1,2";
			};
			name = Debug;
		};
		A3883CE2291C0FDD00C47441 /* Release */ = {
			isa = XCBuildConfiguration;
			buildSettings = {
				ASSETCATALOG_COMPILER_APPICON_NAME = AppIcon;
				ASSETCATALOG_COMPILER_GLOBAL_ACCENT_COLOR_NAME = AccentColor;
				CODE_SIGN_STYLE = Automatic;
				CURRENT_PROJECT_VERSION = 1;
				DEVELOPMENT_TEAM = D55Y8HMCBG;
				GENERATE_INFOPLIST_FILE = YES;
				INFOPLIST_FILE = MoviesCoppel/Info.plist;
				INFOPLIST_KEY_UIApplicationSupportsIndirectInputEvents = YES;
				INFOPLIST_KEY_UILaunchStoryboardName = LaunchScreen;
				INFOPLIST_KEY_UIMainStoryboardFile = Main;
				INFOPLIST_KEY_UISupportedInterfaceOrientations_iPad = "UIInterfaceOrientationPortrait UIInterfaceOrientationPortraitUpsideDown UIInterfaceOrientationLandscapeLeft UIInterfaceOrientationLandscapeRight";
				INFOPLIST_KEY_UISupportedInterfaceOrientations_iPhone = "UIInterfaceOrientationPortrait UIInterfaceOrientationLandscapeLeft UIInterfaceOrientationLandscapeRight";
				LD_RUNPATH_SEARCH_PATHS = (
					"$(inherited)",
					"@executable_path/Frameworks",
				);
				MARKETING_VERSION = 1.0;
				PRODUCT_BUNDLE_IDENTIFIER = jesusgrimaldo.MoviesCoppel;
				PRODUCT_NAME = "$(TARGET_NAME)";
				SWIFT_EMIT_LOC_STRINGS = YES;
				SWIFT_VERSION = 5.0;
				TARGETED_DEVICE_FAMILY = "1,2";
			};
			name = Release;
		};
/* End XCBuildConfiguration section */

/* Begin XCConfigurationList section */
		A3883CC7291C0FDB00C47441 /* Build configuration list for PBXProject "MoviesCoppel" */ = {
			isa = XCConfigurationList;
			buildConfigurations = (
				A3883CDE291C0FDD00C47441 /* Debug */,
				A3883CDF291C0FDD00C47441 /* Release */,
			);
			defaultConfigurationIsVisible = 0;
			defaultConfigurationName = Release;
		};
		A3883CE0291C0FDD00C47441 /* Build configuration list for PBXNativeTarget "MoviesCoppel" */ = {
			isa = XCConfigurationList;
			buildConfigurations = (
				A3883CE1291C0FDD00C47441 /* Debug */,
				A3883CE2291C0FDD00C47441 /* Release */,
			);
			defaultConfigurationIsVisible = 0;
			defaultConfigurationName = Release;
		};
/* End XCConfigurationList section */

/* Begin XCRemoteSwiftPackageReference section */
		A3883CE5291C10AD00C47441 /* XCRemoteSwiftPackageReference "firebase-ios-sdk" */ = {
			isa = XCRemoteSwiftPackageReference;
			repositoryURL = "https://github.com/firebase/firebase-ios-sdk";
			requirement = {
				kind = upToNextMajorVersion;
				minimumVersion = 9.0.0;
			};
		};
/* End XCRemoteSwiftPackageReference section */

/* Begin XCSwiftPackageProductDependency section */
		A3883CE6291C10AD00C47441 /* FirebaseAuth */ = {
			isa = XCSwiftPackageProductDependency;
			package = A3883CE5291C10AD00C47441 /* XCRemoteSwiftPackageReference "firebase-ios-sdk" */;
			productName = FirebaseAuth;
		};
		A3883CE8291C10AD00C47441 /* FirebaseFirestore */ = {
			isa = XCSwiftPackageProductDependency;
			package = A3883CE5291C10AD00C47441 /* XCRemoteSwiftPackageReference "firebase-ios-sdk" */;
			productName = FirebaseFirestore;
		};
		A3883CEA291C10AD00C47441 /* FirebaseStorage */ = {
			isa = XCSwiftPackageProductDependency;
			package = A3883CE5291C10AD00C47441 /* XCRemoteSwiftPackageReference "firebase-ios-sdk" */;
			productName = FirebaseStorage;
		};
/* End XCSwiftPackageProductDependency section */
	};
	rootObject = A3883CC4291C0FDB00C47441 /* Project object */;
}
